// !$*UTF8*$!
{
	archiveVersion = 1;
	classes = {
	};
	objectVersion = 56;
	objects = {

/* Begin PBXBuildFile section */
		FA0A242029DC03DA00F9FC52 /* OneViewController.swift in Sources */ = {isa = PBXBuildFile; fileRef = FA0A241F29DC03DA00F9FC52 /* OneViewController.swift */; };
		FA0A242229DC03E600F9FC52 /* TwoViewController.swift in Sources */ = {isa = PBXBuildFile; fileRef = FA0A242129DC03E600F9FC52 /* TwoViewController.swift */; };
		FA0A242429DC03F200F9FC52 /* ThreeViewController.swift in Sources */ = {isa = PBXBuildFile; fileRef = FA0A242329DC03F200F9FC52 /* ThreeViewController.swift */; };
		FA149F8129D2D37A0012A028 /* AppDelegate.swift in Sources */ = {isa = PBXBuildFile; fileRef = FA149F8029D2D37A0012A028 /* AppDelegate.swift */; };
		FA149F8329D2D37A0012A028 /* SceneDelegate.swift in Sources */ = {isa = PBXBuildFile; fileRef = FA149F8229D2D37A0012A028 /* SceneDelegate.swift */; };
		FA149F8529D2D37A0012A028 /* ViewController.swift in Sources */ = {isa = PBXBuildFile; fileRef = FA149F8429D2D37A0012A028 /* ViewController.swift */; };
		FA149F8A29D2D37C0012A028 /* Assets.xcassets in Resources */ = {isa = PBXBuildFile; fileRef = FA149F8929D2D37C0012A028 /* Assets.xcassets */; };
		FA149F8D29D2D37C0012A028 /* LaunchScreen.storyboard in Resources */ = {isa = PBXBuildFile; fileRef = FA149F8B29D2D37C0012A028 /* LaunchScreen.storyboard */; };
		FA149F9829D2D37D0012A028 /* MyApplicationTests.swift in Sources */ = {isa = PBXBuildFile; fileRef = FA149F9729D2D37D0012A028 /* MyApplicationTests.swift */; };
		FA149FA229D2D37D0012A028 /* MyApplicationUITests.swift in Sources */ = {isa = PBXBuildFile; fileRef = FA149FA129D2D37D0012A028 /* MyApplicationUITests.swift */; };
		FA149FA429D2D37D0012A028 /* MyApplicationUITestsLaunchTests.swift in Sources */ = {isa = PBXBuildFile; fileRef = FA149FA329D2D37D0012A028 /* MyApplicationUITestsLaunchTests.swift */; };
		FA149FB529D448AA0012A028 /* LoginViewController.swift in Sources */ = {isa = PBXBuildFile; fileRef = FA149FB429D448AA0012A028 /* LoginViewController.swift */; };
		FAC5A0BE29DD610D0058F615 /* SF-Pro-Display-Bold.ttf in Resources */ = {isa = PBXBuildFile; fileRef = FAC5A0BD29DD610D0058F615 /* SF-Pro-Display-Bold.ttf */; };
		FAC5A0C029DD61260058F615 /* SF-Pro-Display-Light.ttf in Resources */ = {isa = PBXBuildFile; fileRef = FAC5A0BF29DD61260058F615 /* SF-Pro-Display-Light.ttf */; };
		FAC5A0C229DD61330058F615 /* SF-Pro-Display-Medium.ttf in Resources */ = {isa = PBXBuildFile; fileRef = FAC5A0C129DD61330058F615 /* SF-Pro-Display-Medium.ttf */; };
		FAC5A0C429DD61430058F615 /* SF-Pro-Display-Regular.ttf in Resources */ = {isa = PBXBuildFile; fileRef = FAC5A0C329DD61430058F615 /* SF-Pro-Display-Regular.ttf */; };
		FAC5A0C629DD614F0058F615 /* SF-Pro-Display-Semibold.ttf in Resources */ = {isa = PBXBuildFile; fileRef = FAC5A0C529DD614F0058F615 /* SF-Pro-Display-Semibold.ttf */; };
/* End PBXBuildFile section */

/* Begin PBXContainerItemProxy section */
		FA149F9429D2D37D0012A028 /* PBXContainerItemProxy */ = {
			isa = PBXContainerItemProxy;
			containerPortal = FA149F7529D2D37A0012A028 /* Project object */;
			proxyType = 1;
			remoteGlobalIDString = FA149F7C29D2D37A0012A028;
			remoteInfo = MyApplication;
		};
		FA149F9E29D2D37D0012A028 /* PBXContainerItemProxy */ = {
			isa = PBXContainerItemProxy;
			containerPortal = FA149F7529D2D37A0012A028 /* Project object */;
			proxyType = 1;
			remoteGlobalIDString = FA149F7C29D2D37A0012A028;
			remoteInfo = MyApplication;
		};
/* End PBXContainerItemProxy section */

/* Begin PBXFileReference section */
		FA0A241F29DC03DA00F9FC52 /* OneViewController.swift */ = {isa = PBXFileReference; lastKnownFileType = sourcecode.swift; path = OneViewController.swift; sourceTree = "<group>"; };
		FA0A242129DC03E600F9FC52 /* TwoViewController.swift */ = {isa = PBXFileReference; lastKnownFileType = sourcecode.swift; path = TwoViewController.swift; sourceTree = "<group>"; };
		FA0A242329DC03F200F9FC52 /* ThreeViewController.swift */ = {isa = PBXFileReference; lastKnownFileType = sourcecode.swift; path = ThreeViewController.swift; sourceTree = "<group>"; };
		FA149F7D29D2D37A0012A028 /* MyApplication.app */ = {isa = PBXFileReference; explicitFileType = wrapper.application; includeInIndex = 0; path = MyApplication.app; sourceTree = BUILT_PRODUCTS_DIR; };
		FA149F8029D2D37A0012A028 /* AppDelegate.swift */ = {isa = PBXFileReference; lastKnownFileType = sourcecode.swift; path = AppDelegate.swift; sourceTree = "<group>"; };
		FA149F8229D2D37A0012A028 /* SceneDelegate.swift */ = {isa = PBXFileReference; lastKnownFileType = sourcecode.swift; path = SceneDelegate.swift; sourceTree = "<group>"; };
		FA149F8429D2D37A0012A028 /* ViewController.swift */ = {isa = PBXFileReference; lastKnownFileType = sourcecode.swift; path = ViewController.swift; sourceTree = "<group>"; };
		FA149F8929D2D37C0012A028 /* Assets.xcassets */ = {isa = PBXFileReference; lastKnownFileType = folder.assetcatalog; path = Assets.xcassets; sourceTree = "<group>"; };
		FA149F8C29D2D37C0012A028 /* Base */ = {isa = PBXFileReference; lastKnownFileType = file.storyboard; name = Base; path = Base.lproj/LaunchScreen.storyboard; sourceTree = "<group>"; };
		FA149F8E29D2D37C0012A028 /* Info.plist */ = {isa = PBXFileReference; lastKnownFileType = text.plist.xml; path = Info.plist; sourceTree = "<group>"; };
		FA149F9329D2D37D0012A028 /* MyApplicationTests.xctest */ = {isa = PBXFileReference; explicitFileType = wrapper.cfbundle; includeInIndex = 0; path = MyApplicationTests.xctest; sourceTree = BUILT_PRODUCTS_DIR; };
		FA149F9729D2D37D0012A028 /* MyApplicationTests.swift */ = {isa = PBXFileReference; lastKnownFileType = sourcecode.swift; path = MyApplicationTests.swift; sourceTree = "<group>"; };
		FA149F9D29D2D37D0012A028 /* MyApplicationUITests.xctest */ = {isa = PBXFileReference; explicitFileType = wrapper.cfbundle; includeInIndex = 0; path = MyApplicationUITests.xctest; sourceTree = BUILT_PRODUCTS_DIR; };
		FA149FA129D2D37D0012A028 /* MyApplicationUITests.swift */ = {isa = PBXFileReference; lastKnownFileType = sourcecode.swift; path = MyApplicationUITests.swift; sourceTree = "<group>"; };
		FA149FA329D2D37D0012A028 /* MyApplicationUITestsLaunchTests.swift */ = {isa = PBXFileReference; lastKnownFileType = sourcecode.swift; path = MyApplicationUITestsLaunchTests.swift; sourceTree = "<group>"; };
		FA149FB429D448AA0012A028 /* LoginViewController.swift */ = {isa = PBXFileReference; fileEncoding = 4; lastKnownFileType = sourcecode.swift; path = LoginViewController.swift; sourceTree = "<group>"; };
		FAC5A0BD29DD610D0058F615 /* SF-Pro-Display-Bold.ttf */ = {isa = PBXFileReference; lastKnownFileType = file; path = "SF-Pro-Display-Bold.ttf"; sourceTree = "<group>"; };
		FAC5A0BF29DD61260058F615 /* SF-Pro-Display-Light.ttf */ = {isa = PBXFileReference; lastKnownFileType = file; path = "SF-Pro-Display-Light.ttf"; sourceTree = "<group>"; };
		FAC5A0C129DD61330058F615 /* SF-Pro-Display-Medium.ttf */ = {isa = PBXFileReference; lastKnownFileType = file; path = "SF-Pro-Display-Medium.ttf"; sourceTree = "<group>"; };
		FAC5A0C329DD61430058F615 /* SF-Pro-Display-Regular.ttf */ = {isa = PBXFileReference; lastKnownFileType = file; path = "SF-Pro-Display-Regular.ttf"; sourceTree = "<group>"; };
		FAC5A0C529DD614F0058F615 /* SF-Pro-Display-Semibold.ttf */ = {isa = PBXFileReference; lastKnownFileType = file; path = "SF-Pro-Display-Semibold.ttf"; sourceTree = "<group>"; };
/* End PBXFileReference section */

/* Begin PBXFrameworksBuildPhase section */
		FA149F7A29D2D37A0012A028 /* Frameworks */ = {
			isa = PBXFrameworksBuildPhase;
			buildActionMask = 2147483647;
			files = (
			);
			runOnlyForDeploymentPostprocessing = 0;
		};
		FA149F9029D2D37D0012A028 /* Frameworks */ = {
			isa = PBXFrameworksBuildPhase;
			buildActionMask = 2147483647;
			files = (
			);
			runOnlyForDeploymentPostprocessing = 0;
		};
		FA149F9A29D2D37D0012A028 /* Frameworks */ = {
			isa = PBXFrameworksBuildPhase;
			buildActionMask = 2147483647;
			files = (
			);
			runOnlyForDeploymentPostprocessing = 0;
		};
/* End PBXFrameworksBuildPhase section */

/* Begin PBXGroup section */
		FA149F7429D2D37A0012A028 = {
			isa = PBXGroup;
			children = (
				FA149F7F29D2D37A0012A028 /* MyApplication */,
				FA149F9629D2D37D0012A028 /* MyApplicationTests */,
				FA149FA029D2D37D0012A028 /* MyApplicationUITests */,
				FA149F7E29D2D37A0012A028 /* Products */,
			);
			sourceTree = "<group>";
		};
		FA149F7E29D2D37A0012A028 /* Products */ = {
			isa = PBXGroup;
			children = (
				FA149F7D29D2D37A0012A028 /* MyApplication.app */,
				FA149F9329D2D37D0012A028 /* MyApplicationTests.xctest */,
				FA149F9D29D2D37D0012A028 /* MyApplicationUITests.xctest */,
			);
			name = Products;
			sourceTree = "<group>";
		};
		FA149F7F29D2D37A0012A028 /* MyApplication */ = {
			isa = PBXGroup;
			children = (
				FAD2F82529D5BFB2005B1B3E /* Font */,
				FA149F8029D2D37A0012A028 /* AppDelegate.swift */,
				FA149F8229D2D37A0012A028 /* SceneDelegate.swift */,
				FA149F8429D2D37A0012A028 /* ViewController.swift */,
				FA149FB329D448AA0012A028 /* Controller */,
				FA149F8929D2D37C0012A028 /* Assets.xcassets */,
				FA149F8B29D2D37C0012A028 /* LaunchScreen.storyboard */,
				FA149F8E29D2D37C0012A028 /* Info.plist */,
			);
			path = MyApplication;
			sourceTree = "<group>";
		};
		FA149F9629D2D37D0012A028 /* MyApplicationTests */ = {
			isa = PBXGroup;
			children = (
				FA149F9729D2D37D0012A028 /* MyApplicationTests.swift */,
			);
			path = MyApplicationTests;
			sourceTree = "<group>";
		};
		FA149FA029D2D37D0012A028 /* MyApplicationUITests */ = {
			isa = PBXGroup;
			children = (
				FA149FA129D2D37D0012A028 /* MyApplicationUITests.swift */,
				FA149FA329D2D37D0012A028 /* MyApplicationUITestsLaunchTests.swift */,
			);
			path = MyApplicationUITests;
			sourceTree = "<group>";
		};
		FA149FB329D448AA0012A028 /* Controller */ = {
			isa = PBXGroup;
			children = (
				FA149FB429D448AA0012A028 /* LoginViewController.swift */,
				FA0A241F29DC03DA00F9FC52 /* OneViewController.swift */,
				FA0A242129DC03E600F9FC52 /* TwoViewController.swift */,
				FA0A242329DC03F200F9FC52 /* ThreeViewController.swift */,
			);
			path = Controller;
			sourceTree = "<group>";
		};
		FAD2F82529D5BFB2005B1B3E /* Font */ = {
			isa = PBXGroup;
			children = (
				FAC5A0BD29DD610D0058F615 /* SF-Pro-Display-Bold.ttf */,
				FAC5A0BF29DD61260058F615 /* SF-Pro-Display-Light.ttf */,
				FAC5A0C129DD61330058F615 /* SF-Pro-Display-Medium.ttf */,
				FAC5A0C329DD61430058F615 /* SF-Pro-Display-Regular.ttf */,
				FAC5A0C529DD614F0058F615 /* SF-Pro-Display-Semibold.ttf */,
			);
			path = Font;
			sourceTree = "<group>";
		};
/* End PBXGroup section */

/* Begin PBXNativeTarget section */
		FA149F7C29D2D37A0012A028 /* MyApplication */ = {
			isa = PBXNativeTarget;
			buildConfigurationList = FA149FA729D2D37D0012A028 /* Build configuration list for PBXNativeTarget "MyApplication" */;
			buildPhases = (
				FA149F7929D2D37A0012A028 /* Sources */,
				FA149F7A29D2D37A0012A028 /* Frameworks */,
				FA149F7B29D2D37A0012A028 /* Resources */,
			);
			buildRules = (
			);
			dependencies = (
			);
			name = MyApplication;
			productName = MyApplication;
			productReference = FA149F7D29D2D37A0012A028 /* MyApplication.app */;
			productType = "com.apple.product-type.application";
		};
		FA149F9229D2D37D0012A028 /* MyApplicationTests */ = {
			isa = PBXNativeTarget;
			buildConfigurationList = FA149FAA29D2D37D0012A028 /* Build configuration list for PBXNativeTarget "MyApplicationTests" */;
			buildPhases = (
				FA149F8F29D2D37D0012A028 /* Sources */,
				FA149F9029D2D37D0012A028 /* Frameworks */,
				FA149F9129D2D37D0012A028 /* Resources */,
			);
			buildRules = (
			);
			dependencies = (
				FA149F9529D2D37D0012A028 /* PBXTargetDependency */,
			);
			name = MyApplicationTests;
			productName = MyApplicationTests;
			productReference = FA149F9329D2D37D0012A028 /* MyApplicationTests.xctest */;
			productType = "com.apple.product-type.bundle.unit-test";
		};
		FA149F9C29D2D37D0012A028 /* MyApplicationUITests */ = {
			isa = PBXNativeTarget;
			buildConfigurationList = FA149FAD29D2D37D0012A028 /* Build configuration list for PBXNativeTarget "MyApplicationUITests" */;
			buildPhases = (
				FA149F9929D2D37D0012A028 /* Sources */,
				FA149F9A29D2D37D0012A028 /* Frameworks */,
				FA149F9B29D2D37D0012A028 /* Resources */,
			);
			buildRules = (
			);
			dependencies = (
				FA149F9F29D2D37D0012A028 /* PBXTargetDependency */,
			);
			name = MyApplicationUITests;
			productName = MyApplicationUITests;
			productReference = FA149F9D29D2D37D0012A028 /* MyApplicationUITests.xctest */;
			productType = "com.apple.product-type.bundle.ui-testing";
		};
/* End PBXNativeTarget section */

/* Begin PBXProject section */
		FA149F7529D2D37A0012A028 /* Project object */ = {
			isa = PBXProject;
			attributes = {
				BuildIndependentTargetsInParallel = 1;
				LastSwiftUpdateCheck = 1420;
				LastUpgradeCheck = 1420;
				TargetAttributes = {
					FA149F7C29D2D37A0012A028 = {
						CreatedOnToolsVersion = 14.2;
					};
					FA149F9229D2D37D0012A028 = {
						CreatedOnToolsVersion = 14.2;
						TestTargetID = FA149F7C29D2D37A0012A028;
					};
					FA149F9C29D2D37D0012A028 = {
						CreatedOnToolsVersion = 14.2;
						TestTargetID = FA149F7C29D2D37A0012A028;
					};
				};
			};
			buildConfigurationList = FA149F7829D2D37A0012A028 /* Build configuration list for PBXProject "MyApplication" */;
			compatibilityVersion = "Xcode 14.0";
			developmentRegion = en;
			hasScannedForEncodings = 0;
			knownRegions = (
				en,
				Base,
			);
			mainGroup = FA149F7429D2D37A0012A028;
			productRefGroup = FA149F7E29D2D37A0012A028 /* Products */;
			projectDirPath = "";
			projectRoot = "";
			targets = (
				FA149F7C29D2D37A0012A028 /* MyApplication */,
				FA149F9229D2D37D0012A028 /* MyApplicationTests */,
				FA149F9C29D2D37D0012A028 /* MyApplicationUITests */,
			);
		};
/* End PBXProject section */

/* Begin PBXResourcesBuildPhase section */
		FA149F7B29D2D37A0012A028 /* Resources */ = {
			isa = PBXResourcesBuildPhase;
			buildActionMask = 2147483647;
			files = (
				FAC5A0C429DD61430058F615 /* SF-Pro-Display-Regular.ttf in Resources */,
				FA149F8D29D2D37C0012A028 /* LaunchScreen.storyboard in Resources */,
				FAC5A0C029DD61260058F615 /* SF-Pro-Display-Light.ttf in Resources */,
				FA149F8A29D2D37C0012A028 /* Assets.xcassets in Resources */,
				FAC5A0C229DD61330058F615 /* SF-Pro-Display-Medium.ttf in Resources */,
				FAC5A0C629DD614F0058F615 /* SF-Pro-Display-Semibold.ttf in Resources */,
				FAC5A0BE29DD610D0058F615 /* SF-Pro-Display-Bold.ttf in Resources */,
			);
			runOnlyForDeploymentPostprocessing = 0;
		};
		FA149F9129D2D37D0012A028 /* Resources */ = {
			isa = PBXResourcesBuildPhase;
			buildActionMask = 2147483647;
			files = (
			);
			runOnlyForDeploymentPostprocessing = 0;
		};
		FA149F9B29D2D37D0012A028 /* Resources */ = {
			isa = PBXResourcesBuildPhase;
			buildActionMask = 2147483647;
			files = (
			);
			runOnlyForDeploymentPostprocessing = 0;
		};
/* End PBXResourcesBuildPhase section */

/* Begin PBXSourcesBuildPhase section */
		FA149F7929D2D37A0012A028 /* Sources */ = {
			isa = PBXSourcesBuildPhase;
			buildActionMask = 2147483647;
			files = (
				FA0A242429DC03F200F9FC52 /* ThreeViewController.swift in Sources */,
				FA149F8529D2D37A0012A028 /* ViewController.swift in Sources */,
				FA0A242029DC03DA00F9FC52 /* OneViewController.swift in Sources */,
				FA149F8129D2D37A0012A028 /* AppDelegate.swift in Sources */,
				FA149FB529D448AA0012A028 /* LoginViewController.swift in Sources */,
				FA149F8329D2D37A0012A028 /* SceneDelegate.swift in Sources */,
				FA0A242229DC03E600F9FC52 /* TwoViewController.swift in Sources */,
			);
			runOnlyForDeploymentPostprocessing = 0;
		};
		FA149F8F29D2D37D0012A028 /* Sources */ = {
			isa = PBXSourcesBuildPhase;
			buildActionMask = 2147483647;
			files = (
				FA149F9829D2D37D0012A028 /* MyApplicationTests.swift in Sources */,
			);
			runOnlyForDeploymentPostprocessing = 0;
		};
		FA149F9929D2D37D0012A028 /* Sources */ = {
			isa = PBXSourcesBuildPhase;
			buildActionMask = 2147483647;
			files = (
				FA149FA229D2D37D0012A028 /* MyApplicationUITests.swift in Sources */,
				FA149FA429D2D37D0012A028 /* MyApplicationUITestsLaunchTests.swift in Sources */,
			);
			runOnlyForDeploymentPostprocessing = 0;
		};
/* End PBXSourcesBuildPhase section */

/* Begin PBXTargetDependency section */
		FA149F9529D2D37D0012A028 /* PBXTargetDependency */ = {
			isa = PBXTargetDependency;
			target = FA149F7C29D2D37A0012A028 /* MyApplication */;
			targetProxy = FA149F9429D2D37D0012A028 /* PBXContainerItemProxy */;
		};
		FA149F9F29D2D37D0012A028 /* PBXTargetDependency */ = {
			isa = PBXTargetDependency;
			target = FA149F7C29D2D37A0012A028 /* MyApplication */;
			targetProxy = FA149F9E29D2D37D0012A028 /* PBXContainerItemProxy */;
		};
/* End PBXTargetDependency section */

/* Begin PBXVariantGroup section */
		FA149F8B29D2D37C0012A028 /* LaunchScreen.storyboard */ = {
			isa = PBXVariantGroup;
			children = (
				FA149F8C29D2D37C0012A028 /* Base */,
			);
			name = LaunchScreen.storyboard;
			sourceTree = "<group>";
		};
/* End PBXVariantGroup section */

/* Begin XCBuildConfiguration section */
		FA149FA529D2D37D0012A028 /* Debug */ = {
			isa = XCBuildConfiguration;
			buildSettings = {
				ALWAYS_SEARCH_USER_PATHS = NO;
				CLANG_ANALYZER_NONNULL = YES;
				CLANG_ANALYZER_NUMBER_OBJECT_CONVERSION = YES_AGGRESSIVE;
				CLANG_CXX_LANGUAGE_STANDARD = "gnu++20";
				CLANG_ENABLE_MODULES = YES;
				CLANG_ENABLE_OBJC_ARC = YES;
				CLANG_ENABLE_OBJC_WEAK = YES;
				CLANG_WARN_BLOCK_CAPTURE_AUTORELEASING = YES;
				CLANG_WARN_BOOL_CONVERSION = YES;
				CLANG_WARN_COMMA = YES;
				CLANG_WARN_CONSTANT_CONVERSION = YES;
				CLANG_WARN_DEPRECATED_OBJC_IMPLEMENTATIONS = YES;
				CLANG_WARN_DIRECT_OBJC_ISA_USAGE = YES_ERROR;
				CLANG_WARN_DOCUMENTATION_COMMENTS = YES;
				CLANG_WARN_EMPTY_BODY = YES;
				CLANG_WARN_ENUM_CONVERSION = YES;
				CLANG_WARN_INFINITE_RECURSION = YES;
				CLANG_WARN_INT_CONVERSION = YES;
				CLANG_WARN_NON_LITERAL_NULL_CONVERSION = YES;
				CLANG_WARN_OBJC_IMPLICIT_RETAIN_SELF = YES;
				CLANG_WARN_OBJC_LITERAL_CONVERSION = YES;
				CLANG_WARN_OBJC_ROOT_CLASS = YES_ERROR;
				CLANG_WARN_QUOTED_INCLUDE_IN_FRAMEWORK_HEADER = YES;
				CLANG_WARN_RANGE_LOOP_ANALYSIS = YES;
				CLANG_WARN_STRICT_PROTOTYPES = YES;
				CLANG_WARN_SUSPICIOUS_MOVE = YES;
				CLANG_WARN_UNGUARDED_AVAILABILITY = YES_AGGRESSIVE;
				CLANG_WARN_UNREACHABLE_CODE = YES;
				CLANG_WARN__DUPLICATE_METHOD_MATCH = YES;
				COPY_PHASE_STRIP = NO;
				DEBUG_INFORMATION_FORMAT = dwarf;
				ENABLE_STRICT_OBJC_MSGSEND = YES;
				ENABLE_TESTABILITY = YES;
				GCC_C_LANGUAGE_STANDARD = gnu11;
				GCC_DYNAMIC_NO_PIC = NO;
				GCC_NO_COMMON_BLOCKS = YES;
				GCC_OPTIMIZATION_LEVEL = 0;
				GCC_PREPROCESSOR_DEFINITIONS = (
					"DEBUG=1",
					"$(inherited)",
				);
				GCC_WARN_64_TO_32_BIT_CONVERSION = YES;
				GCC_WARN_ABOUT_RETURN_TYPE = YES_ERROR;
				GCC_WARN_UNDECLARED_SELECTOR = YES;
				GCC_WARN_UNINITIALIZED_AUTOS = YES_AGGRESSIVE;
				GCC_WARN_UNUSED_FUNCTION = YES;
				GCC_WARN_UNUSED_VARIABLE = YES;
				IPHONEOS_DEPLOYMENT_TARGET = 16.2;
				MTL_ENABLE_DEBUG_INFO = INCLUDE_SOURCE;
				MTL_FAST_MATH = YES;
				ONLY_ACTIVE_ARCH = YES;
				SDKROOT = iphoneos;
				SWIFT_ACTIVE_COMPILATION_CONDITIONS = DEBUG;
				SWIFT_OPTIMIZATION_LEVEL = "-Onone";
			};
			name = Debug;
		};
		FA149FA629D2D37D0012A028 /* Release */ = {
			isa = XCBuildConfiguration;
			buildSettings = {
				ALWAYS_SEARCH_USER_PATHS = NO;
				CLANG_ANALYZER_NONNULL = YES;
				CLANG_ANALYZER_NUMBER_OBJECT_CONVERSION = YES_AGGRESSIVE;
				CLANG_CXX_LANGUAGE_STANDARD = "gnu++20";
				CLANG_ENABLE_MODULES = YES;
				CLANG_ENABLE_OBJC_ARC = YES;
				CLANG_ENABLE_OBJC_WEAK = YES;
				CLANG_WARN_BLOCK_CAPTURE_AUTORELEASING = YES;
				CLANG_WARN_BOOL_CONVERSION = YES;
				CLANG_WARN_COMMA = YES;
				CLANG_WARN_CONSTANT_CONVERSION = YES;
				CLANG_WARN_DEPRECATED_OBJC_IMPLEMENTATIONS = YES;
				CLANG_WARN_DIRECT_OBJC_ISA_USAGE = YES_ERROR;
				CLANG_WARN_DOCUMENTATION_COMMENTS = YES;
				CLANG_WARN_EMPTY_BODY = YES;
				CLANG_WARN_ENUM_CONVERSION = YES;
				CLANG_WARN_INFINITE_RECURSION = YES;
				CLANG_WARN_INT_CONVERSION = YES;
				CLANG_WARN_NON_LITERAL_NULL_CONVERSION = YES;
				CLANG_WARN_OBJC_IMPLICIT_RETAIN_SELF = YES;
				CLANG_WARN_OBJC_LITERAL_CONVERSION = YES;
				CLANG_WARN_OBJC_ROOT_CLASS = YES_ERROR;
				CLANG_WARN_QUOTED_INCLUDE_IN_FRAMEWORK_HEADER = YES;
				CLANG_WARN_RANGE_LOOP_ANALYSIS = YES;
				CLANG_WARN_STRICT_PROTOTYPES = YES;
				CLANG_WARN_SUSPICIOUS_MOVE = YES;
				CLANG_WARN_UNGUARDED_AVAILABILITY = YES_AGGRESSIVE;
				CLANG_WARN_UNREACHABLE_CODE = YES;
				CLANG_WARN__DUPLICATE_METHOD_MATCH = YES;
				COPY_PHASE_STRIP = NO;
				DEBUG_INFORMATION_FORMAT = "dwarf-with-dsym";
				ENABLE_NS_ASSERTIONS = NO;
				ENABLE_STRICT_OBJC_MSGSEND = YES;
				GCC_C_LANGUAGE_STANDARD = gnu11;
				GCC_NO_COMMON_BLOCKS = YES;
				GCC_WARN_64_TO_32_BIT_CONVERSION = YES;
				GCC_WARN_ABOUT_RETURN_TYPE = YES_ERROR;
				GCC_WARN_UNDECLARED_SELECTOR = YES;
				GCC_WARN_UNINITIALIZED_AUTOS = YES_AGGRESSIVE;
				GCC_WARN_UNUSED_FUNCTION = YES;
				GCC_WARN_UNUSED_VARIABLE = YES;
				IPHONEOS_DEPLOYMENT_TARGET = 16.2;
				MTL_ENABLE_DEBUG_INFO = NO;
				MTL_FAST_MATH = YES;
				SDKROOT = iphoneos;
				SWIFT_COMPILATION_MODE = wholemodule;
				SWIFT_OPTIMIZATION_LEVEL = "-O";
				VALIDATE_PRODUCT = YES;
			};
			name = Release;
		};
		FA149FA829D2D37D0012A028 /* Debug */ = {
			isa = XCBuildConfiguration;
			buildSettings = {
				ASSETCATALOG_COMPILER_APPICON_NAME = AppIcon;
				ASSETCATALOG_COMPILER_GLOBAL_ACCENT_COLOR_NAME = AccentColor;
				CODE_SIGN_STYLE = Automatic;
				CURRENT_PROJECT_VERSION = 1;
				DEVELOPMENT_TEAM = P4CS4R39FJ;
				GENERATE_INFOPLIST_FILE = YES;
				INFOPLIST_FILE = MyApplication/Info.plist;
				INFOPLIST_KEY_UIApplicationSupportsIndirectInputEvents = YES;
				INFOPLIST_KEY_UILaunchStoryboardName = LaunchScreen;
				INFOPLIST_KEY_UISupportedInterfaceOrientations_iPad = "UIInterfaceOrientationPortrait UIInterfaceOrientationPortraitUpsideDown UIInterfaceOrientationLandscapeLeft UIInterfaceOrientationLandscapeRight";
				INFOPLIST_KEY_UISupportedInterfaceOrientations_iPhone = "UIInterfaceOrientationPortrait UIInterfaceOrientationLandscapeLeft UIInterfaceOrientationLandscapeRight";
				LD_RUNPATH_SEARCH_PATHS = (
					"$(inherited)",
					"@executable_path/Frameworks",
				);
				MARKETING_VERSION = 1.0;
				PRODUCT_BUNDLE_IDENTIFIER = com.example.MyApplication;
				PRODUCT_NAME = "$(TARGET_NAME)";
				SWIFT_EMIT_LOC_STRINGS = YES;
				SWIFT_VERSION = 5.0;
				TARGETED_DEVICE_FAMILY = "1,2";
			};
			name = Debug;
		};
		FA149FA929D2D37D0012A028 /* Release */ = {
			isa = XCBuildConfiguration;
			buildSettings = {
				ASSETCATALOG_COMPILER_APPICON_NAME = AppIcon;
				ASSETCATALOG_COMPILER_GLOBAL_ACCENT_COLOR_NAME = AccentColor;
				CODE_SIGN_STYLE = Automatic;
				CURRENT_PROJECT_VERSION = 1;
				DEVELOPMENT_TEAM = P4CS4R39FJ;
				GENERATE_INFOPLIST_FILE = YES;
				INFOPLIST_FILE = MyApplication/Info.plist;
				INFOPLIST_KEY_UIApplicationSupportsIndirectInputEvents = YES;
				INFOPLIST_KEY_UILaunchStoryboardName = LaunchScreen;
				INFOPLIST_KEY_UISupportedInterfaceOrientations_iPad = "UIInterfaceOrientationPortrait UIInterfaceOrientationPortraitUpsideDown UIInterfaceOrientationLandscapeLeft UIInterfaceOrientationLandscapeRight";
				INFOPLIST_KEY_UISupportedInterfaceOrientations_iPhone = "UIInterfaceOrientationPortrait UIInterfaceOrientationLandscapeLeft UIInterfaceOrientationLandscapeRight";
				LD_RUNPATH_SEARCH_PATHS = (
					"$(inherited)",
					"@executable_path/Frameworks",
				);
				MARKETING_VERSION = 1.0;
				PRODUCT_BUNDLE_IDENTIFIER = com.example.MyApplication;
				PRODUCT_NAME = "$(TARGET_NAME)";
				SWIFT_EMIT_LOC_STRINGS = YES;
				SWIFT_VERSION = 5.0;
				TARGETED_DEVICE_FAMILY = "1,2";
			};
			name = Release;
		};
		FA149FAB29D2D37D0012A028 /* Debug */ = {
			isa = XCBuildConfiguration;
			buildSettings = {
				ALWAYS_EMBED_SWIFT_STANDARD_LIBRARIES = YES;
				BUNDLE_LOADER = "$(TEST_HOST)";
				CODE_SIGN_STYLE = Automatic;
				CURRENT_PROJECT_VERSION = 1;
				DEVELOPMENT_TEAM = P4CS4R39FJ;
				GENERATE_INFOPLIST_FILE = YES;
				IPHONEOS_DEPLOYMENT_TARGET = 16.2;
				MARKETING_VERSION = 1.0;
				PRODUCT_BUNDLE_IDENTIFIER = com.example.MyApplicationTests;
				PRODUCT_NAME = "$(TARGET_NAME)";
				SWIFT_EMIT_LOC_STRINGS = NO;
				SWIFT_VERSION = 5.0;
				TARGETED_DEVICE_FAMILY = "1,2";
				TEST_HOST = "$(BUILT_PRODUCTS_DIR)/MyApplication.app/$(BUNDLE_EXECUTABLE_FOLDER_PATH)/MyApplication";
			};
			name = Debug;
		};
		FA149FAC29D2D37D0012A028 /* Release */ = {
			isa = XCBuildConfiguration;
			buildSettings = {
				ALWAYS_EMBED_SWIFT_STANDARD_LIBRARIES = YES;
				BUNDLE_LOADER = "$(TEST_HOST)";
				CODE_SIGN_STYLE = Automatic;
				CURRENT_PROJECT_VERSION = 1;
				DEVELOPMENT_TEAM = P4CS4R39FJ;
				GENERATE_INFOPLIST_FILE = YES;
				IPHONEOS_DEPLOYMENT_TARGET = 16.2;
				MARKETING_VERSION = 1.0;
				PRODUCT_BUNDLE_IDENTIFIER = com.example.MyApplicationTests;
				PRODUCT_NAME = "$(TARGET_NAME)";
				SWIFT_EMIT_LOC_STRINGS = NO;
				SWIFT_VERSION = 5.0;
				TARGETED_DEVICE_FAMILY = "1,2";
				TEST_HOST = "$(BUILT_PRODUCTS_DIR)/MyApplication.app/$(BUNDLE_EXECUTABLE_FOLDER_PATH)/MyApplication";
			};
			name = Release;
		};
		FA149FAE29D2D37D0012A028 /* Debug */ = {
			isa = XCBuildConfiguration;
			buildSettings = {
				ALWAYS_EMBED_SWIFT_STANDARD_LIBRARIES = YES;
				CODE_SIGN_STYLE = Automatic;
				CURRENT_PROJECT_VERSION = 1;
				DEVELOPMENT_TEAM = P4CS4R39FJ;
				GENERATE_INFOPLIST_FILE = YES;
				MARKETING_VERSION = 1.0;
				PRODUCT_BUNDLE_IDENTIFIER = com.example.MyApplicationUITests;
				PRODUCT_NAME = "$(TARGET_NAME)";
				SWIFT_EMIT_LOC_STRINGS = NO;
				SWIFT_VERSION = 5.0;
				TARGETED_DEVICE_FAMILY = "1,2";
				TEST_TARGET_NAME = MyApplication;
			};
			name = Debug;
		};
		FA149FAF29D2D37D0012A028 /* Release */ = {
			isa = XCBuildConfiguration;
			buildSettings = {
				ALWAYS_EMBED_SWIFT_STANDARD_LIBRARIES = YES;
				CODE_SIGN_STYLE = Automatic;
				CURRENT_PROJECT_VERSION = 1;
				DEVELOPMENT_TEAM = P4CS4R39FJ;
				GENERATE_INFOPLIST_FILE = YES;
				MARKETING_VERSION = 1.0;
				PRODUCT_BUNDLE_IDENTIFIER = com.example.MyApplicationUITests;
				PRODUCT_NAME = "$(TARGET_NAME)";
				SWIFT_EMIT_LOC_STRINGS = NO;
				SWIFT_VERSION = 5.0;
				TARGETED_DEVICE_FAMILY = "1,2";
				TEST_TARGET_NAME = MyApplication;
			};
			name = Release;
		};
/* End XCBuildConfiguration section */

/* Begin XCConfigurationList section */
		FA149F7829D2D37A0012A028 /* Build configuration list for PBXProject "MyApplication" */ = {
			isa = XCConfigurationList;
			buildConfigurations = (
				FA149FA529D2D37D0012A028 /* Debug */,
				FA149FA629D2D37D0012A028 /* Release */,
			);
			defaultConfigurationIsVisible = 0;
			defaultConfigurationName = Release;
		};
		FA149FA729D2D37D0012A028 /* Build configuration list for PBXNativeTarget "MyApplication" */ = {
			isa = XCConfigurationList;
			buildConfigurations = (
				FA149FA829D2D37D0012A028 /* Debug */,
				FA149FA929D2D37D0012A028 /* Release */,
			);
			defaultConfigurationIsVisible = 0;
			defaultConfigurationName = Release;
		};
		FA149FAA29D2D37D0012A028 /* Build configuration list for PBXNativeTarget "MyApplicationTests" */ = {
			isa = XCConfigurationList;
			buildConfigurations = (
				FA149FAB29D2D37D0012A028 /* Debug */,
				FA149FAC29D2D37D0012A028 /* Release */,
			);
			defaultConfigurationIsVisible = 0;
			defaultConfigurationName = Release;
		};
		FA149FAD29D2D37D0012A028 /* Build configuration list for PBXNativeTarget "MyApplicationUITests" */ = {
			isa = XCConfigurationList;
			buildConfigurations = (
				FA149FAE29D2D37D0012A028 /* Debug */,
				FA149FAF29D2D37D0012A028 /* Release */,
			);
			defaultConfigurationIsVisible = 0;
			defaultConfigurationName = Release;
		};
/* End XCConfigurationList section */
	};
	rootObject = FA149F7529D2D37A0012A028 /* Project object */;
}
